
Microsoft Visual Studio Solution File, Format Version 12.00
# Visual Studio Version 17
VisualStudioVersion = 17.9.34723.18
MinimumVisualStudioVersion = 10.0.40219.1
Project("{FAE04EC0-301F-11D3-BF4B-00C04F79EFBC}") = "TestingMVVM", "TestingMVVM\TestingMVVM.csproj", "{A5904C37-1635-4A1A-AFFC-32AC428D9702}"
EndProject
Global
	GlobalSection(SolutionConfigurationPlatforms) = preSolution
		Debug|Any CPU = Debug|Any CPU
		Release|Any CPU = Release|Any CPU
	EndGlobalSection
	GlobalSection(ProjectConfigurationPlatforms) = postSolution
		{A5904C37-1635-4A1A-AFFC-32AC428D9702}.Debug|Any CPU.ActiveCfg = Debug|Any CPU
		{A5904C37-1635-4A1A-AFFC-32AC428D9702}.Debug|Any CPU.Build.0 = Debug|Any CPU
		{A5904C37-1635-4A1A-AFFC-32AC428D9702}.Release|Any CPU.ActiveCfg = Release|Any CPU
		{A5904C37-1635-4A1A-AFFC-32AC428D9702}.Release|Any CPU.Build.0 = Release|Any CPU
	EndGlobalSection
	GlobalSection(SolutionProperties) = preSolution
		HideSolutionNode = FALSE
	EndGlobalSection
	GlobalSection(ExtensibilityGlobals) = postSolution
		SolutionGuid = {F392C04E-83A5-44EE-85D4-5C095B84C5CC}
	EndGlobalSection
EndGlobal
